{
  "version": 4,
  "terraform_version": "1.12.2",
  "serial": 44,
  "lineage": "34002f91-361f-c8ae-9371-e5de41c6f633",
  "outputs": {
    "debug": {
      "value": {
        "ceph": [],
        "k8s_config": {
          "app_name": "k8s",
          "base": "ubuntu@24.04",
          "channel": "latest/edge",
          "config": null,
          "constraints": "arch=amd64 cores=2 mem=8192M root-disk=16384M",
          "resources": null,
          "revision": null,
          "storage": null,
          "units": 3
        },
        "openstack": []
      },
      "type": [
        "object",
        {
          "ceph": [
            "tuple",
            []
          ],
          "k8s_config": [
            "object",
            {
              "app_name": "string",
              "base": "string",
              "channel": "string",
              "config": "dynamic",
              "constraints": "string",
              "resources": "dynamic",
              "revision": "dynamic",
              "storage": "dynamic",
              "units": "number"
            }
          ],
          "openstack": [
            "tuple",
            []
          ]
        }
      ]
    }
  },
  "resources": [
    {
      "mode": "managed",
      "type": "juju_integration",
      "name": "k8s_cluster_integration",
      "provider": "provider[\"registry.terraform.io/juju/juju\"]",
      "instances": [
        {
          "index_key": "k8s-worker",
          "schema_version": 0,
          "attributes": {
            "application": [
              {
                "endpoint": "cluster",
                "name": "k8s-worker",
                "offer_url": null
              },
              {
                "endpoint": "k8s-cluster",
                "name": "k8s",
                "offer_url": null
              }
            ],
            "id": "k8s:k8s:k8s-cluster:k8s-worker:cluster",
            "model": "k8s",
            "via": null
          },
          "sensitive_attributes": [],
          "identity_schema_version": 0,
          "dependencies": [
            "juju_model.this",
            "module.k8s.juju_application.k8s",
            "module.k8s_worker.juju_application.k8s_worker"
          ]
        }
      ]
    },
    {
      "mode": "managed",
      "type": "juju_integration",
      "name": "k8s_containerd",
      "provider": "provider[\"registry.terraform.io/juju/juju\"]",
      "instances": [
        {
          "index_key": "k8s-worker",
          "schema_version": 0,
          "attributes": {
            "application": [
              {
                "endpoint": "containerd",
                "name": "k8s",
                "offer_url": null
              },
              {
                "endpoint": "containerd",
                "name": "k8s-worker",
                "offer_url": null
              }
            ],
            "id": "k8s:k8s:containerd:k8s-worker:containerd",
            "model": "k8s",
            "via": null
          },
          "sensitive_attributes": [],
          "identity_schema_version": 0,
          "dependencies": [
            "juju_model.this",
            "module.k8s.juju_application.k8s",
            "module.k8s_worker.juju_application.k8s_worker"
          ]
        }
      ]
    },
    {
      "mode": "managed",
      "type": "juju_integration",
      "name": "k8s_cos_worker_tokens",
      "provider": "provider[\"registry.terraform.io/juju/juju\"]",
      "instances": [
        {
          "index_key": "k8s-worker",
          "schema_version": 0,
          "attributes": {
            "application": [
              {
                "endpoint": "cos-tokens",
                "name": "k8s-worker",
                "offer_url": null
              },
              {
                "endpoint": "cos-worker-tokens",
                "name": "k8s",
                "offer_url": null
              }
            ],
            "id": "k8s:k8s:cos-worker-tokens:k8s-worker:cos-tokens",
            "model": "k8s",
            "via": null
          },
          "sensitive_attributes": [],
          "identity_schema_version": 0,
          "dependencies": [
            "juju_model.this",
            "module.k8s.juju_application.k8s",
            "module.k8s_worker.juju_application.k8s_worker"
          ]
        }
      ]
    },
    {
      "mode": "managed",
      "type": "juju_model",
      "name": "this",
      "provider": "provider[\"registry.terraform.io/juju/juju\"]",
      "instances": [
        {
          "schema_version": 0,
          "attributes": {
            "annotations": null,
            "cloud": [
              {
                "name": "aws",
                "region": "us-east-1"
              }
            ],
            "config": {
              "container-networking-method": "local",
              "fan-config": ""
            },
            "constraints": null,
            "credential": "aws-canonical",
            "id": "c1f72df4-4fbc-46bb-85f3-9f0eea016f0b",
            "name": "k8s",
            "type": "iaas",
            "uuid": "c1f72df4-4fbc-46bb-85f3-9f0eea016f0b"
          },
          "sensitive_attributes": [],
          "identity_schema_version": 0
        }
      ]
    },
    {
      "module": "module.aws[0]",
      "mode": "managed",
      "type": "juju_integration",
      "name": "aws_cloud_provider_kube_control",
      "provider": "provider[\"registry.terraform.io/juju/juju\"]",
      "instances": [
        {
          "schema_version": 0,
          "attributes": {
            "application": [
              {
                "endpoint": "kube-control",
                "name": "aws-cloud-provider",
                "offer_url": null
              },
              {
                "endpoint": "kube-control",
                "name": "k8s",
                "offer_url": null
              }
            ],
            "id": "k8s:k8s:kube-control:aws-cloud-provider:kube-control",
            "model": "k8s",
            "via": null
          },
          "sensitive_attributes": [],
          "identity_schema_version": 0,
          "dependencies": [
            "juju_model.this",
            "module.aws.module.aws_cloud_provider.juju_application.aws_cloud_provider",
            "module.k8s.juju_application.k8s"
          ]
        }
      ]
    },
    {
      "module": "module.aws[0]",
      "mode": "managed",
      "type": "juju_integration",
      "name": "aws_integration_control_plane",
      "provider": "provider[\"registry.terraform.io/juju/juju\"]",
      "instances": [
        {
          "schema_version": 0,
          "attributes": {
            "application": [
              {
                "endpoint": "aws",
                "name": "aws-integrator",
                "offer_url": null
              },
              {
                "endpoint": "aws",
                "name": "k8s",
                "offer_url": null
              }
            ],
            "id": "k8s:aws-integrator:aws:k8s:aws",
            "model": "k8s",
            "via": null
          },
          "sensitive_attributes": [],
          "identity_schema_version": 0,
          "dependencies": [
            "juju_model.this",
            "module.aws.module.aws_integrator.juju_application.aws_integrator",
            "module.k8s.juju_application.k8s"
          ]
        }
      ]
    },
    {
      "module": "module.aws[0]",
      "mode": "managed",
      "type": "juju_integration",
      "name": "aws_integration_worker",
      "provider": "provider[\"registry.terraform.io/juju/juju\"]",
      "instances": [
        {
          "index_key": "k8s-worker",
          "schema_version": 0,
          "attributes": {
            "application": [
              {
                "endpoint": "aws",
                "name": "aws-integrator",
                "offer_url": null
              },
              {
                "endpoint": "aws",
                "name": "k8s-worker",
                "offer_url": null
              }
            ],
            "id": "k8s:aws-integrator:aws:k8s-worker:aws",
            "model": "k8s",
            "via": null
          },
          "sensitive_attributes": [],
          "identity_schema_version": 0,
          "dependencies": [
            "juju_model.this",
            "module.aws.module.aws_integrator.juju_application.aws_integrator",
            "module.k8s.juju_application.k8s",
            "module.k8s_worker.juju_application.k8s_worker"
          ]
        }
      ]
    },
    {
      "module": "module.aws[0]",
      "mode": "managed",
      "type": "juju_integration",
      "name": "aws_k8s_storage_kube_control",
      "provider": "provider[\"registry.terraform.io/juju/juju\"]",
      "instances": [
        {
          "schema_version": 0,
          "attributes": {
            "application": [
              {
                "endpoint": "kube-control",
                "name": "aws-k8s-storage",
                "offer_url": null
              },
              {
                "endpoint": "kube-control",
                "name": "k8s",
                "offer_url": null
              }
            ],
            "id": "k8s:k8s:kube-control:aws-k8s-storage:kube-control",
            "model": "k8s",
            "via": null
          },
          "sensitive_attributes": [],
          "identity_schema_version": 0,
          "dependencies": [
            "juju_model.this",
            "module.aws.module.aws_k8s_storage.juju_application.aws_k8s_storage",
            "module.k8s.juju_application.k8s"
          ]
        }
      ]
    },
    {
      "module": "module.aws[0]",
      "mode": "managed",
      "type": "juju_integration",
      "name": "aws_storage_client",
      "provider": "provider[\"registry.terraform.io/juju/juju\"]",
      "instances": [
        {
          "schema_version": 0,
          "attributes": {
            "application": [
              {
                "endpoint": "aws",
                "name": "aws-integrator",
                "offer_url": null
              },
              {
                "endpoint": "aws-integration",
                "name": "aws-k8s-storage",
                "offer_url": null
              }
            ],
            "id": "k8s:aws-integrator:aws:aws-k8s-storage:aws-integration",
            "model": "k8s",
            "via": null
          },
          "sensitive_attributes": [],
          "identity_schema_version": 0,
          "dependencies": [
            "juju_model.this",
            "module.aws.module.aws_integrator.juju_application.aws_integrator",
            "module.aws.module.aws_k8s_storage.juju_application.aws_k8s_storage",
            "module.k8s.juju_application.k8s"
          ]
        }
      ]
    },
    {
      "module": "module.aws[0]",
      "mode": "managed",
      "type": "juju_integration",
      "name": "cloud_controller_aws_integrator",
      "provider": "provider[\"registry.terraform.io/juju/juju\"]",
      "instances": [
        {
          "schema_version": 0,
          "attributes": {
            "application": [
              {
                "endpoint": "aws",
                "name": "aws-integrator",
                "offer_url": null
              },
              {
                "endpoint": "aws-integration",
                "name": "aws-cloud-provider",
                "offer_url": null
              }
            ],
            "id": "k8s:aws-integrator:aws:aws-cloud-provider:aws-integration",
            "model": "k8s",
            "via": null
          },
          "sensitive_attributes": [],
          "identity_schema_version": 0,
          "dependencies": [
            "juju_model.this",
            "module.aws.module.aws_cloud_provider.juju_application.aws_cloud_provider",
            "module.aws.module.aws_integrator.juju_application.aws_integrator",
            "module.k8s.juju_application.k8s"
          ]
        }
      ]
    },
    {
      "module": "module.aws[0]",
      "mode": "managed",
      "type": "juju_integration",
      "name": "external_cloud_provider",
      "provider": "provider[\"registry.terraform.io/juju/juju\"]",
      "instances": [
        {
          "schema_version": 0,
          "attributes": {
            "application": [
              {
                "endpoint": "external-cloud-provider",
                "name": "aws-cloud-provider",
                "offer_url": null
              },
              {
                "endpoint": "external-cloud-provider",
                "name": "k8s",
                "offer_url": null
              }
            ],
            "id": "k8s:aws-cloud-provider:external-cloud-provider:k8s:external-cloud-provider",
            "model": "k8s",
            "via": null
          },
          "sensitive_attributes": [],
          "identity_schema_version": 0,
          "dependencies": [
            "juju_model.this",
            "module.aws.module.aws_cloud_provider.juju_application.aws_cloud_provider",
            "module.k8s.juju_application.k8s"
          ]
        }
      ]
    },
    {
      "module": "module.aws[0].module.aws_cloud_provider",
      "mode": "managed",
      "type": "juju_application",
      "name": "aws_cloud_provider",
      "provider": "provider[\"registry.terraform.io/juju/juju\"]",
      "instances": [
        {
          "schema_version": 0,
          "attributes": {
            "charm": [
              {
                "base": "ubuntu@24.04",
                "channel": "latest/edge",
                "name": "aws-cloud-provider",
                "revision": 27,
                "series": "noble"
              }
            ],
            "config": {},
            "constraints": "",
            "endpoint_bindings": null,
            "expose": [],
            "id": "k8s:aws-cloud-provider",
            "machines": [],
            "model": "k8s",
            "model_type": "iaas",
            "name": "aws-cloud-provider",
            "placement": "",
            "principal": null,
            "resources": null,
            "storage": null,
            "storage_directives": null,
            "trust": false,
            "units": 1
          },
          "sensitive_attributes": [],
          "identity_schema_version": 0,
          "dependencies": [
            "juju_model.this",
            "module.k8s.juju_application.k8s"
          ]
        }
      ]
    },
    {
      "module": "module.aws[0].module.aws_integrator",
      "mode": "managed",
      "type": "juju_application",
      "name": "aws_integrator",
      "provider": "provider[\"registry.terraform.io/juju/juju\"]",
      "instances": [
        {
          "schema_version": 0,
          "attributes": {
            "charm": [
              {
                "base": "ubuntu@24.04",
                "channel": "latest/edge",
                "name": "aws-integrator",
                "revision": 83,
                "series": "noble"
              }
            ],
            "config": {},
            "constraints": "arch=amd64 cores=2 mem=8192M root-disk=16384M",
            "endpoint_bindings": null,
            "expose": [],
            "id": "k8s:aws-integrator",
            "machines": [
              "6"
            ],
            "model": "k8s",
            "model_type": "iaas",
            "name": "aws-integrator",
            "placement": "6",
            "principal": null,
            "resources": null,
            "storage": null,
            "storage_directives": null,
            "trust": true,
            "units": 1
          },
          "sensitive_attributes": [],
          "identity_schema_version": 0,
          "dependencies": [
            "juju_model.this",
            "module.k8s.juju_application.k8s"
          ]
        }
      ]
    },
    {
      "module": "module.aws[0].module.aws_k8s_storage",
      "mode": "managed",
      "type": "juju_application",
      "name": "aws_k8s_storage",
      "provider": "provider[\"registry.terraform.io/juju/juju\"]",
      "instances": [
        {
          "schema_version": 0,
          "attributes": {
            "charm": [
              {
                "base": "ubuntu@24.04",
                "channel": "latest/edge",
                "name": "aws-k8s-storage",
                "revision": 45,
                "series": "noble"
              }
            ],
            "config": {},
            "constraints": "",
            "endpoint_bindings": null,
            "expose": [],
            "id": "k8s:aws-k8s-storage",
            "machines": [],
            "model": "k8s",
            "model_type": "iaas",
            "name": "aws-k8s-storage",
            "placement": "",
            "principal": null,
            "resources": null,
            "storage": null,
            "storage_directives": null,
            "trust": true,
            "units": 1
          },
          "sensitive_attributes": [],
          "identity_schema_version": 0,
          "dependencies": [
            "juju_model.this",
            "module.k8s.juju_application.k8s"
          ]
        }
      ]
    },
    {
      "module": "module.k8s",
      "mode": "managed",
      "type": "juju_application",
      "name": "k8s",
      "provider": "provider[\"registry.terraform.io/juju/juju\"]",
      "instances": [
        {
          "schema_version": 0,
          "attributes": {
            "charm": [
              {
                "base": "ubuntu@24.04",
                "channel": "latest/edge",
                "name": "k8s",
                "revision": 1028,
                "series": "noble"
              }
            ],
            "config": {
              "bootstrap-node-taints": "node-role.kubernetes.io/control-plane:NoSchedule"
            },
            "constraints": "arch=amd64 cores=2 mem=8192M root-disk=16384M",
            "endpoint_bindings": null,
            "expose": [
              {
                "cidrs": "0.0.0.0/0",
                "endpoints": null,
                "spaces": null
              }
            ],
            "id": "k8s:k8s",
            "machines": [
              "3",
              "4",
              "5"
            ],
            "model": "k8s",
            "model_type": "iaas",
            "name": "k8s",
            "placement": "3,4,5",
            "principal": null,
            "resources": null,
            "storage": null,
            "storage_directives": null,
            "trust": false,
            "units": 3
          },
          "sensitive_attributes": [],
          "identity_schema_version": 0,
          "dependencies": [
            "juju_model.this"
          ]
        }
      ]
    },
    {
      "module": "module.k8s_worker[\"k8s-worker\"]",
      "mode": "managed",
      "type": "juju_application",
      "name": "k8s_worker",
      "provider": "provider[\"registry.terraform.io/juju/juju\"]",
      "instances": [
        {
          "schema_version": 0,
          "attributes": {
            "charm": [
              {
                "base": "ubuntu@24.04",
                "channel": "latest/edge",
                "name": "k8s-worker",
                "revision": 1026,
                "series": "noble"
              }
            ],
            "config": null,
            "constraints": "arch=amd64 cores=2 mem=8192M root-disk=16384M",
            "endpoint_bindings": null,
            "expose": [],
            "id": "k8s:k8s-worker",
            "machines": [
              "0",
              "1",
              "2"
            ],
            "model": "k8s",
            "model_type": "iaas",
            "name": "k8s-worker",
            "placement": "0,1,2",
            "principal": null,
            "resources": null,
            "storage": null,
            "storage_directives": null,
            "trust": false,
            "units": 3
          },
          "sensitive_attributes": [],
          "identity_schema_version": 0,
          "dependencies": [
            "juju_model.this"
          ]
        }
      ]
    }
  ],
  "check_results": [
    {
      "object_kind": "var",
      "config_addr": "module.aws.module.aws_cloud_provider.var.base",
      "status": "pass",
      "objects": [
        {
          "object_addr": "module.aws[0].module.aws_cloud_provider.var.base",
          "status": "pass"
        }
      ]
    },
    {
      "object_kind": "var",
      "config_addr": "module.k8s.var.expose",
      "status": "pass",
      "objects": [
        {
          "object_addr": "module.k8s.var.expose",
          "status": "pass"
        }
      ]
    },
    {
      "object_kind": "var",
      "config_addr": "var.model",
      "status": "pass",
      "objects": [
        {
          "object_addr": "var.model",
          "status": "pass"
        }
      ]
    },
    {
      "object_kind": "var",
      "config_addr": "module.k8s.var.base",
      "status": "pass",
      "objects": [
        {
          "object_addr": "module.k8s.var.base",
          "status": "pass"
        }
      ]
    },
    {
      "object_kind": "var",
      "config_addr": "module.openstack.module.cinder_csi.var.base",
      "status": "pass",
      "objects": null
    },
    {
      "object_kind": "var",
      "config_addr": "module.aws.module.aws_k8s_storage.var.base",
      "status": "pass",
      "objects": [
        {
          "object_addr": "module.aws[0].module.aws_k8s_storage.var.base",
          "status": "pass"
        }
      ]
    },
    {
      "object_kind": "var",
      "config_addr": "module.k8s_worker.var.base",
      "status": "pass",
      "objects": [
        {
          "object_addr": "module.k8s_worker[\"k8s-worker\"].var.base",
          "status": "pass"
        }
      ]
    },
    {
      "object_kind": "var",
      "config_addr": "module.openstack.module.openstack_cloud_controller.var.base",
      "status": "pass",
      "objects": null
    },
    {
      "object_kind": "var",
      "config_addr": "var.csi_integration",
      "status": "pass",
      "objects": [
        {
          "object_addr": "var.csi_integration",
          "status": "pass"
        }
      ]
    },
    {
      "object_kind": "var",
      "config_addr": "module.openstack.module.openstack_integrator.var.base",
      "status": "pass",
      "objects": null
    },
    {
      "object_kind": "var",
      "config_addr": "var.cloud_integration",
      "status": "pass",
      "objects": [
        {
          "object_addr": "var.cloud_integration",
          "status": "pass"
        }
      ]
    },
    {
      "object_kind": "var",
      "config_addr": "module.ceph.module.ceph-cluster.module.ceph_csi.var.base",
      "status": "pass",
      "objects": null
    },
    {
      "object_kind": "var",
      "config_addr": "module.aws.module.aws_integrator.var.base",
      "status": "pass",
      "objects": [
        {
          "object_addr": "module.aws[0].module.aws_integrator.var.base",
          "status": "pass"
        }
      ]
    }
  ]
}
